// !$*UTF8*$!
{
	archiveVersion = 1;
	classes = {
	};
	objectVersion = 50;
	objects = {

/* Begin PBXBuildFile section */
		1BF2180026334A7800F7949C /* AppDelegate.swift in Sources */ = {isa = PBXBuildFile; fileRef = 1BF217FF26334A7800F7949C /* AppDelegate.swift */; };
		1BF2180226334A7800F7949C /* SceneDelegate.swift in Sources */ = {isa = PBXBuildFile; fileRef = 1BF2180126334A7800F7949C /* SceneDelegate.swift */; };
		1BF2180426334A7800F7949C /* ViewController.swift in Sources */ = {isa = PBXBuildFile; fileRef = 1BF2180326334A7800F7949C /* ViewController.swift */; };
		1BF2180726334A7800F7949C /* Main.storyboard in Resources */ = {isa = PBXBuildFile; fileRef = 1BF2180526334A7800F7949C /* Main.storyboard */; };
		1BF2180926334A7900F7949C /* Assets.xcassets in Resources */ = {isa = PBXBuildFile; fileRef = 1BF2180826334A7900F7949C /* Assets.xcassets */; };
		1BF2180C26334A7900F7949C /* LaunchScreen.storyboard in Resources */ = {isa = PBXBuildFile; fileRef = 1BF2180A26334A7900F7949C /* LaunchScreen.storyboard */; };
		1BF2182226334A7A00F7949C /* UserDefaultsUITests.swift in Sources */ = {isa = PBXBuildFile; fileRef = 1BF2182126334A7A00F7949C /* UserDefaultsUITests.swift */; };
		1BF218362633532000F7949C /* FakeUserDefaults.swift in Sources */ = {isa = PBXBuildFile; fileRef = 1BF218352633532000F7949C /* FakeUserDefaults.swift */; };
		1BF2183B2633541000F7949C /* ViewControllerTests.swift in Sources */ = {isa = PBXBuildFile; fileRef = 1BF2183A2633541000F7949C /* ViewControllerTests.swift */; };
		1BF2184026335E4500F7949C /* TestHelpers.swift in Sources */ = {isa = PBXBuildFile; fileRef = 1BF2183F26335E4500F7949C /* TestHelpers.swift */; };
/* End PBXBuildFile section */

/* Begin PBXContainerItemProxy section */
		1BF2181326334A7A00F7949C /* PBXContainerItemProxy */ = {
			isa = PBXContainerItemProxy;
			containerPortal = 1BF217F426334A7800F7949C /* Project object */;
			proxyType = 1;
			remoteGlobalIDString = 1BF217FB26334A7800F7949C;
			remoteInfo = UserDefaults;
		};
		1BF2181E26334A7A00F7949C /* PBXContainerItemProxy */ = {
			isa = PBXContainerItemProxy;
			containerPortal = 1BF217F426334A7800F7949C /* Project object */;
			proxyType = 1;
			remoteGlobalIDString = 1BF217FB26334A7800F7949C;
			remoteInfo = UserDefaults;
		};
/* End PBXContainerItemProxy section */

/* Begin PBXFileReference section */
		1BF217FC26334A7800F7949C /* UserDefaults.app */ = {isa = PBXFileReference; explicitFileType = wrapper.application; includeInIndex = 0; path = UserDefaults.app; sourceTree = BUILT_PRODUCTS_DIR; };
		1BF217FF26334A7800F7949C /* AppDelegate.swift */ = {isa = PBXFileReference; lastKnownFileType = sourcecode.swift; path = AppDelegate.swift; sourceTree = "<group>"; };
		1BF2180126334A7800F7949C /* SceneDelegate.swift */ = {isa = PBXFileReference; lastKnownFileType = sourcecode.swift; path = SceneDelegate.swift; sourceTree = "<group>"; };
		1BF2180326334A7800F7949C /* ViewController.swift */ = {isa = PBXFileReference; lastKnownFileType = sourcecode.swift; path = ViewController.swift; sourceTree = "<group>"; };
		1BF2180626334A7800F7949C /* Base */ = {isa = PBXFileReference; lastKnownFileType = file.storyboard; name = Base; path = Base.lproj/Main.storyboard; sourceTree = "<group>"; };
		1BF2180826334A7900F7949C /* Assets.xcassets */ = {isa = PBXFileReference; lastKnownFileType = folder.assetcatalog; path = Assets.xcassets; sourceTree = "<group>"; };
		1BF2180B26334A7900F7949C /* Base */ = {isa = PBXFileReference; lastKnownFileType = file.storyboard; name = Base; path = Base.lproj/LaunchScreen.storyboard; sourceTree = "<group>"; };
		1BF2180D26334A7900F7949C /* Info.plist */ = {isa = PBXFileReference; lastKnownFileType = text.plist.xml; path = Info.plist; sourceTree = "<group>"; };
		1BF2181226334A7A00F7949C /* UserDefaultsTests.xctest */ = {isa = PBXFileReference; explicitFileType = wrapper.cfbundle; includeInIndex = 0; path = UserDefaultsTests.xctest; sourceTree = BUILT_PRODUCTS_DIR; };
		1BF2181826334A7A00F7949C /* Info.plist */ = {isa = PBXFileReference; lastKnownFileType = text.plist.xml; path = Info.plist; sourceTree = "<group>"; };
		1BF2181D26334A7A00F7949C /* UserDefaultsUITests.xctest */ = {isa = PBXFileReference; explicitFileType = wrapper.cfbundle; includeInIndex = 0; path = UserDefaultsUITests.xctest; sourceTree = BUILT_PRODUCTS_DIR; };
		1BF2182126334A7A00F7949C /* UserDefaultsUITests.swift */ = {isa = PBXFileReference; lastKnownFileType = sourcecode.swift; path = UserDefaultsUITests.swift; sourceTree = "<group>"; };
		1BF2182326334A7A00F7949C /* Info.plist */ = {isa = PBXFileReference; lastKnownFileType = text.plist.xml; path = Info.plist; sourceTree = "<group>"; };
		1BF218352633532000F7949C /* FakeUserDefaults.swift */ = {isa = PBXFileReference; lastKnownFileType = sourcecode.swift; path = FakeUserDefaults.swift; sourceTree = "<group>"; };
		1BF2183A2633541000F7949C /* ViewControllerTests.swift */ = {isa = PBXFileReference; lastKnownFileType = sourcecode.swift; path = ViewControllerTests.swift; sourceTree = "<group>"; };
		1BF2183F26335E4500F7949C /* TestHelpers.swift */ = {isa = PBXFileReference; lastKnownFileType = sourcecode.swift; path = TestHelpers.swift; sourceTree = "<group>"; };
/* End PBXFileReference section */

/* Begin PBXFrameworksBuildPhase section */
		1BF217F926334A7800F7949C /* Frameworks */ = {
			isa = PBXFrameworksBuildPhase;
			buildActionMask = 2147483647;
			files = (
			);
			runOnlyForDeploymentPostprocessing = 0;
		};
		1BF2180F26334A7A00F7949C /* Frameworks */ = {
			isa = PBXFrameworksBuildPhase;
			buildActionMask = 2147483647;
			files = (
			);
			runOnlyForDeploymentPostprocessing = 0;
		};
		1BF2181A26334A7A00F7949C /* Frameworks */ = {
			isa = PBXFrameworksBuildPhase;
			buildActionMask = 2147483647;
			files = (
			);
			runOnlyForDeploymentPostprocessing = 0;
		};
/* End PBXFrameworksBuildPhase section */

/* Begin PBXGroup section */
		1BF217F326334A7800F7949C = {
			isa = PBXGroup;
			children = (
				1BF217FE26334A7800F7949C /* UserDefaults */,
				1BF2181526334A7A00F7949C /* UserDefaultsTests */,
				1BF2182026334A7A00F7949C /* UserDefaultsUITests */,
				1BF217FD26334A7800F7949C /* Products */,
			);
			sourceTree = "<group>";
		};
		1BF217FD26334A7800F7949C /* Products */ = {
			isa = PBXGroup;
			children = (
				1BF217FC26334A7800F7949C /* UserDefaults.app */,
				1BF2181226334A7A00F7949C /* UserDefaultsTests.xctest */,
				1BF2181D26334A7A00F7949C /* UserDefaultsUITests.xctest */,
			);
			name = Products;
			sourceTree = "<group>";
		};
		1BF217FE26334A7800F7949C /* UserDefaults */ = {
			isa = PBXGroup;
			children = (
				1BF217FF26334A7800F7949C /* AppDelegate.swift */,
				1BF2180126334A7800F7949C /* SceneDelegate.swift */,
				1BF2180326334A7800F7949C /* ViewController.swift */,
				1BF2180526334A7800F7949C /* Main.storyboard */,
				1BF2180826334A7900F7949C /* Assets.xcassets */,
				1BF2180A26334A7900F7949C /* LaunchScreen.storyboard */,
				1BF2180D26334A7900F7949C /* Info.plist */,
			);
			path = UserDefaults;
			sourceTree = "<group>";
		};
		1BF2181526334A7A00F7949C /* UserDefaultsTests */ = {
			isa = PBXGroup;
			children = (
				1BF2181826334A7A00F7949C /* Info.plist */,
				1BF218352633532000F7949C /* FakeUserDefaults.swift */,
				1BF2183A2633541000F7949C /* ViewControllerTests.swift */,
				1BF2183F26335E4500F7949C /* TestHelpers.swift */,
			);
			path = UserDefaultsTests;
			sourceTree = "<group>";
		};
		1BF2182026334A7A00F7949C /* UserDefaultsUITests */ = {
			isa = PBXGroup;
			children = (
				1BF2182126334A7A00F7949C /* UserDefaultsUITests.swift */,
				1BF2182326334A7A00F7949C /* Info.plist */,
			);
			path = UserDefaultsUITests;
			sourceTree = "<group>";
		};
/* End PBXGroup section */

/* Begin PBXNativeTarget section */
		1BF217FB26334A7800F7949C /* UserDefaults */ = {
			isa = PBXNativeTarget;
			buildConfigurationList = 1BF2182626334A7A00F7949C /* Build configuration list for PBXNativeTarget "UserDefaults" */;
			buildPhases = (
				1BF217F826334A7800F7949C /* Sources */,
				1BF217F926334A7800F7949C /* Frameworks */,
				1BF217FA26334A7800F7949C /* Resources */,
			);
			buildRules = (
			);
			dependencies = (
			);
			name = UserDefaults;
			productName = UserDefaults;
			productReference = 1BF217FC26334A7800F7949C /* UserDefaults.app */;
			productType = "com.apple.product-type.application";
		};
		1BF2181126334A7A00F7949C /* UserDefaultsTests */ = {
			isa = PBXNativeTarget;
			buildConfigurationList = 1BF2182926334A7A00F7949C /* Build configuration list for PBXNativeTarget "UserDefaultsTests" */;
			buildPhases = (
				1BF2180E26334A7A00F7949C /* Sources */,
				1BF2180F26334A7A00F7949C /* Frameworks */,
				1BF2181026334A7A00F7949C /* Resources */,
			);
			buildRules = (
			);
			dependencies = (
				1BF2181426334A7A00F7949C /* PBXTargetDependency */,
			);
			name = UserDefaultsTests;
			productName = UserDefaultsTests;
			productReference = 1BF2181226334A7A00F7949C /* UserDefaultsTests.xctest */;
			productType = "com.apple.product-type.bundle.unit-test";
		};
		1BF2181C26334A7A00F7949C /* UserDefaultsUITests */ = {
			isa = PBXNativeTarget;
			buildConfigurationList = 1BF2182C26334A7A00F7949C /* Build configuration list for PBXNativeTarget "UserDefaultsUITests" */;
			buildPhases = (
				1BF2181926334A7A00F7949C /* Sources */,
				1BF2181A26334A7A00F7949C /* Frameworks */,
				1BF2181B26334A7A00F7949C /* Resources */,
			);
			buildRules = (
			);
			dependencies = (
				1BF2181F26334A7A00F7949C /* PBXTargetDependency */,
			);
			name = UserDefaultsUITests;
			productName = UserDefaultsUITests;
			productReference = 1BF2181D26334A7A00F7949C /* UserDefaultsUITests.xctest */;
			productType = "com.apple.product-type.bundle.ui-testing";
		};
/* End PBXNativeTarget section */

/* Begin PBXProject section */
		1BF217F426334A7800F7949C /* Project object */ = {
			isa = PBXProject;
			attributes = {
				LastSwiftUpdateCheck = 1240;
				LastUpgradeCheck = 1240;
				TargetAttributes = {
					1BF217FB26334A7800F7949C = {
						CreatedOnToolsVersion = 12.4;
					};
					1BF2181126334A7A00F7949C = {
						CreatedOnToolsVersion = 12.4;
						LastSwiftMigration = 1240;
						TestTargetID = 1BF217FB26334A7800F7949C;
					};
					1BF2181C26334A7A00F7949C = {
						CreatedOnToolsVersion = 12.4;
						TestTargetID = 1BF217FB26334A7800F7949C;
					};
				};
			};
			buildConfigurationList = 1BF217F726334A7800F7949C /* Build configuration list for PBXProject "UserDefaults" */;
			compatibilityVersion = "Xcode 9.3";
			developmentRegion = en;
			hasScannedForEncodings = 0;
			knownRegions = (
				en,
				Base,
			);
			mainGroup = 1BF217F326334A7800F7949C;
			productRefGroup = 1BF217FD26334A7800F7949C /* Products */;
			projectDirPath = "";
			projectRoot = "";
			targets = (
				1BF217FB26334A7800F7949C /* UserDefaults */,
				1BF2181126334A7A00F7949C /* UserDefaultsTests */,
				1BF2181C26334A7A00F7949C /* UserDefaultsUITests */,
			);
		};
/* End PBXProject section */

/* Begin PBXResourcesBuildPhase section */
		1BF217FA26334A7800F7949C /* Resources */ = {
			isa = PBXResourcesBuildPhase;
			buildActionMask = 2147483647;
			files = (
				1BF2180C26334A7900F7949C /* LaunchScreen.storyboard in Resources */,
				1BF2180926334A7900F7949C /* Assets.xcassets in Resources */,
				1BF2180726334A7800F7949C /* Main.storyboard in Resources */,
			);
			runOnlyForDeploymentPostprocessing = 0;
		};
		1BF2181026334A7A00F7949C /* Resources */ = {
			isa = PBXResourcesBuildPhase;
			buildActionMask = 2147483647;
			files = (
			);
			runOnlyForDeploymentPostprocessing = 0;
		};
		1BF2181B26334A7A00F7949C /* Resources */ = {
			isa = PBXResourcesBuildPhase;
			buildActionMask = 2147483647;
			files = (
			);
			runOnlyForDeploymentPostprocessing = 0;
		};
/* End PBXResourcesBuildPhase section */

/* Begin PBXSourcesBuildPhase section */
		1BF217F826334A7800F7949C /* Sources */ = {
			isa = PBXSourcesBuildPhase;
			buildActionMask = 2147483647;
			files = (
				1BF2180426334A7800F7949C /* ViewController.swift in Sources */,
				1BF2180026334A7800F7949C /* AppDelegate.swift in Sources */,
				1BF2180226334A7800F7949C /* SceneDelegate.swift in Sources */,
			);
			runOnlyForDeploymentPostprocessing = 0;
		};
		1BF2180E26334A7A00F7949C /* Sources */ = {
			isa = PBXSourcesBuildPhase;
			buildActionMask = 2147483647;
			files = (
				1BF2183B2633541000F7949C /* ViewControllerTests.swift in Sources */,
				1BF218362633532000F7949C /* FakeUserDefaults.swift in Sources */,
				1BF2184026335E4500F7949C /* TestHelpers.swift in Sources */,
			);
			runOnlyForDeploymentPostprocessing = 0;
		};
		1BF2181926334A7A00F7949C /* Sources */ = {
			isa = PBXSourcesBuildPhase;
			buildActionMask = 2147483647;
			files = (
				1BF2182226334A7A00F7949C /* UserDefaultsUITests.swift in Sources */,
			);
			runOnlyForDeploymentPostprocessing = 0;
		};
/* End PBXSourcesBuildPhase section */

/* Begin PBXTargetDependency section */
		1BF2181426334A7A00F7949C /* PBXTargetDependency */ = {
			isa = PBXTargetDependency;
			target = 1BF217FB26334A7800F7949C /* UserDefaults */;
			targetProxy = 1BF2181326334A7A00F7949C /* PBXContainerItemProxy */;
		};
		1BF2181F26334A7A00F7949C /* PBXTargetDependency */ = {
			isa = PBXTargetDependency;
			target = 1BF217FB26334A7800F7949C /* UserDefaults */;
			targetProxy = 1BF2181E26334A7A00F7949C /* PBXContainerItemProxy */;
		};
/* End PBXTargetDependency section */

/* Begin PBXVariantGroup section */
		1BF2180526334A7800F7949C /* Main.storyboard */ = {
			isa = PBXVariantGroup;
			children = (
				1BF2180626334A7800F7949C /* Base */,
			);
			name = Main.storyboard;
			sourceTree = "<group>";
		};
		1BF2180A26334A7900F7949C /* LaunchScreen.storyboard */ = {
			isa = PBXVariantGroup;
			children = (
				1BF2180B26334A7900F7949C /* Base */,
			);
			name = LaunchScreen.storyboard;
			sourceTree = "<group>";
		};
/* End PBXVariantGroup section */

/* Begin XCBuildConfiguration section */
		1BF2182426334A7A00F7949C /* Debug */ = {
			isa = XCBuildConfiguration;
			buildSettings = {
				ALWAYS_SEARCH_USER_PATHS = NO;
				CLANG_ANALYZER_NONNULL = YES;
				CLANG_ANALYZER_NUMBER_OBJECT_CONVERSION = YES_AGGRESSIVE;
				CLANG_CXX_LANGUAGE_STANDARD = "gnu++14";
				CLANG_CXX_LIBRARY = "libc++";
				CLANG_ENABLE_MODULES = YES;
				CLANG_ENABLE_OBJC_ARC = YES;
				CLANG_ENABLE_OBJC_WEAK = YES;
				CLANG_WARN_BLOCK_CAPTURE_AUTORELEASING = YES;
				CLANG_WARN_BOOL_CONVERSION = YES;
				CLANG_WARN_COMMA = YES;
				CLANG_WARN_CONSTANT_CONVERSION = YES;
				CLANG_WARN_DEPRECATED_OBJC_IMPLEMENTATIONS = YES;
				CLANG_WARN_DIRECT_OBJC_ISA_USAGE = YES_ERROR;
				CLANG_WARN_DOCUMENTATION_COMMENTS = YES;
				CLANG_WARN_EMPTY_BODY = YES;
				CLANG_WARN_ENUM_CONVERSION = YES;
				CLANG_WARN_INFINITE_RECURSION = YES;
				CLANG_WARN_INT_CONVERSION = YES;
				CLANG_WARN_NON_LITERAL_NULL_CONVERSION = YES;
				CLANG_WARN_OBJC_IMPLICIT_RETAIN_SELF = YES;
				CLANG_WARN_OBJC_LITERAL_CONVERSION = YES;
				CLANG_WARN_OBJC_ROOT_CLASS = YES_ERROR;
				CLANG_WARN_QUOTED_INCLUDE_IN_FRAMEWORK_HEADER = YES;
				CLANG_WARN_RANGE_LOOP_ANALYSIS = YES;
				CLANG_WARN_STRICT_PROTOTYPES = YES;
				CLANG_WARN_SUSPICIOUS_MOVE = YES;
				CLANG_WARN_UNGUARDED_AVAILABILITY = YES_AGGRESSIVE;
				CLANG_WARN_UNREACHABLE_CODE = YES;
				CLANG_WARN__DUPLICATE_METHOD_MATCH = YES;
				COPY_PHASE_STRIP = NO;
				DEBUG_INFORMATION_FORMAT = dwarf;
				ENABLE_STRICT_OBJC_MSGSEND = YES;
				ENABLE_TESTABILITY = YES;
				GCC_C_LANGUAGE_STANDARD = gnu11;
				GCC_DYNAMIC_NO_PIC = NO;
				GCC_NO_COMMON_BLOCKS = YES;
				GCC_OPTIMIZATION_LEVEL = 0;
				GCC_PREPROCESSOR_DEFINITIONS = (
					"DEBUG=1",
					"$(inherited)",
				);
				GCC_WARN_64_TO_32_BIT_CONVERSION = YES;
				GCC_WARN_ABOUT_RETURN_TYPE = YES_ERROR;
				GCC_WARN_UNDECLARED_SELECTOR = YES;
				GCC_WARN_UNINITIALIZED_AUTOS = YES_AGGRESSIVE;
				GCC_WARN_UNUSED_FUNCTION = YES;
				GCC_WARN_UNUSED_VARIABLE = YES;
				IPHONEOS_DEPLOYMENT_TARGET = 14.4;
				MTL_ENABLE_DEBUG_INFO = INCLUDE_SOURCE;
				MTL_FAST_MATH = YES;
				ONLY_ACTIVE_ARCH = YES;
				SDKROOT = iphoneos;
				SWIFT_ACTIVE_COMPILATION_CONDITIONS = DEBUG;
				SWIFT_OPTIMIZATION_LEVEL = "-Onone";
			};
			name = Debug;
		};
		1BF2182526334A7A00F7949C /* Release */ = {
			isa = XCBuildConfiguration;
			buildSettings = {
				ALWAYS_SEARCH_USER_PATHS = NO;
				CLANG_ANALYZER_NONNULL = YES;
				CLANG_ANALYZER_NUMBER_OBJECT_CONVERSION = YES_AGGRESSIVE;
				CLANG_CXX_LANGUAGE_STANDARD = "gnu++14";
				CLANG_CXX_LIBRARY = "libc++";
				CLANG_ENABLE_MODULES = YES;
				CLANG_ENABLE_OBJC_ARC = YES;
				CLANG_ENABLE_OBJC_WEAK = YES;
				CLANG_WARN_BLOCK_CAPTURE_AUTORELEASING = YES;
				CLANG_WARN_BOOL_CONVERSION = YES;
				CLANG_WARN_COMMA = YES;
				CLANG_WARN_CONSTANT_CONVERSION = YES;
				CLANG_WARN_DEPRECATED_OBJC_IMPLEMENTATIONS = YES;
				CLANG_WARN_DIRECT_OBJC_ISA_USAGE = YES_ERROR;
				CLANG_WARN_DOCUMENTATION_COMMENTS = YES;
				CLANG_WARN_EMPTY_BODY = YES;
				CLANG_WARN_ENUM_CONVERSION = YES;
				CLANG_WARN_INFINITE_RECURSION = YES;
				CLANG_WARN_INT_CONVERSION = YES;
				CLANG_WARN_NON_LITERAL_NULL_CONVERSION = YES;
				CLANG_WARN_OBJC_IMPLICIT_RETAIN_SELF = YES;
				CLANG_WARN_OBJC_LITERAL_CONVERSION = YES;
				CLANG_WARN_OBJC_ROOT_CLASS = YES_ERROR;
				CLANG_WARN_QUOTED_INCLUDE_IN_FRAMEWORK_HEADER = YES;
				CLANG_WARN_RANGE_LOOP_ANALYSIS = YES;
				CLANG_WARN_STRICT_PROTOTYPES = YES;
				CLANG_WARN_SUSPICIOUS_MOVE = YES;
				CLANG_WARN_UNGUARDED_AVAILABILITY = YES_AGGRESSIVE;
				CLANG_WARN_UNREACHABLE_CODE = YES;
				CLANG_WARN__DUPLICATE_METHOD_MATCH = YES;
				COPY_PHASE_STRIP = NO;
				DEBUG_INFORMATION_FORMAT = "dwarf-with-dsym";
				ENABLE_NS_ASSERTIONS = NO;
				ENABLE_STRICT_OBJC_MSGSEND = YES;
				GCC_C_LANGUAGE_STANDARD = gnu11;
				GCC_NO_COMMON_BLOCKS = YES;
				GCC_WARN_64_TO_32_BIT_CONVERSION = YES;
				GCC_WARN_ABOUT_RETURN_TYPE = YES_ERROR;
				GCC_WARN_UNDECLARED_SELECTOR = YES;
				GCC_WARN_UNINITIALIZED_AUTOS = YES_AGGRESSIVE;
				GCC_WARN_UNUSED_FUNCTION = YES;
				GCC_WARN_UNUSED_VARIABLE = YES;
				IPHONEOS_DEPLOYMENT_TARGET = 14.4;
				MTL_ENABLE_DEBUG_INFO = NO;
				MTL_FAST_MATH = YES;
				SDKROOT = iphoneos;
				SWIFT_COMPILATION_MODE = wholemodule;
				SWIFT_OPTIMIZATION_LEVEL = "-O";
				VALIDATE_PRODUCT = YES;
			};
			name = Release;
		};
		1BF2182726334A7A00F7949C /* Debug */ = {
			isa = XCBuildConfiguration;
			buildSettings = {
				ASSETCATALOG_COMPILER_APPICON_NAME = AppIcon;
				ASSETCATALOG_COMPILER_GLOBAL_ACCENT_COLOR_NAME = AccentColor;
				CODE_SIGN_STYLE = Automatic;
				INFOPLIST_FILE = UserDefaults/Info.plist;
				LD_RUNPATH_SEARCH_PATHS = (
					"$(inherited)",
					"@executable_path/Frameworks",
				);
				PRODUCT_BUNDLE_IDENTIFIER = com.rafa.UserDefaults;
				PRODUCT_NAME = "$(TARGET_NAME)";
				SWIFT_VERSION = 5.0;
				TARGETED_DEVICE_FAMILY = "1,2";
			};
			name = Debug;
		};
		1BF2182826334A7A00F7949C /* Release */ = {
			isa = XCBuildConfiguration;
			buildSettings = {
				ASSETCATALOG_COMPILER_APPICON_NAME = AppIcon;
				ASSETCATALOG_COMPILER_GLOBAL_ACCENT_COLOR_NAME = AccentColor;
				CODE_SIGN_STYLE = Automatic;
				INFOPLIST_FILE = UserDefaults/Info.plist;
				LD_RUNPATH_SEARCH_PATHS = (
					"$(inherited)",
					"@executable_path/Frameworks",
				);
				PRODUCT_BUNDLE_IDENTIFIER = com.rafa.UserDefaults;
				PRODUCT_NAME = "$(TARGET_NAME)";
				SWIFT_VERSION = 5.0;
				TARGETED_DEVICE_FAMILY = "1,2";
			};
			name = Release;
		};
		1BF2182A26334A7A00F7949C /* Debug */ = {
			isa = XCBuildConfiguration;
			buildSettings = {
				ALWAYS_EMBED_SWIFT_STANDARD_LIBRARIES = YES;
				BUNDLE_LOADER = "$(TEST_HOST)";
				CLANG_ENABLE_MODULES = YES;
				CODE_SIGN_STYLE = Automatic;
				INFOPLIST_FILE = UserDefaultsTests/Info.plist;
				IPHONEOS_DEPLOYMENT_TARGET = 14.4;
				LD_RUNPATH_SEARCH_PATHS = (
					"$(inherited)",
					"@executable_path/Frameworks",
					"@loader_path/Frameworks",
				);
				PRODUCT_BUNDLE_IDENTIFIER = com.rafa.UserDefaultsTests;
				PRODUCT_NAME = "$(TARGET_NAME)";
				SWIFT_OPTIMIZATION_LEVEL = "-Onone";
				SWIFT_VERSION = 5.0;
				TARGETED_DEVICE_FAMILY = "1,2";
				TEST_HOST = "$(BUILT_PRODUCTS_DIR)/UserDefaults.app/UserDefaults";
			};
			name = Debug;
		};
		1BF2182B26334A7A00F7949C /* Release */ = {
			isa = XCBuildConfiguration;
			buildSettings = {
				ALWAYS_EMBED_SWIFT_STANDARD_LIBRARIES = YES;
				BUNDLE_LOADER = "$(TEST_HOST)";
				CLANG_ENABLE_MODULES = YES;
				CODE_SIGN_STYLE = Automatic;
				INFOPLIST_FILE = UserDefaultsTests/Info.plist;
				IPHONEOS_DEPLOYMENT_TARGET = 14.4;
				LD_RUNPATH_SEARCH_PATHS = (
					"$(inherited)",
					"@executable_path/Frameworks",
					"@loader_path/Frameworks",
				);
				PRODUCT_BUNDLE_IDENTIFIER = com.rafa.UserDefaultsTests;
				PRODUCT_NAME = "$(TARGET_NAME)";
				SWIFT_VERSION = 5.0;
				TARGETED_DEVICE_FAMILY = "1,2";
				TEST_HOST = "$(BUILT_PRODUCTS_DIR)/UserDefaults.app/UserDefaults";
			};
			name = Release;
		};
		1BF2182D26334A7A00F7949C /* Debug */ = {
			isa = XCBuildConfiguration;
			buildSettings = {
				ALWAYS_EMBED_SWIFT_STANDARD_LIBRARIES = YES;
				CODE_SIGN_STYLE = Automatic;
				INFOPLIST_FILE = UserDefaultsUITests/Info.plist;
				LD_RUNPATH_SEARCH_PATHS = (
					"$(inherited)",
					"@executable_path/Frameworks",
					"@loader_path/Frameworks",
				);
				PRODUCT_BUNDLE_IDENTIFIER = com.rafa.UserDefaultsUITests;
				PRODUCT_NAME = "$(TARGET_NAME)";
				SWIFT_VERSION = 5.0;
				TARGETED_DEVICE_FAMILY = "1,2";
				TEST_TARGET_NAME = UserDefaults;
			};
			name = Debug;
		};
		1BF2182E26334A7A00F7949C /* Release */ = {
			isa = XCBuildConfiguration;
			buildSettings = {
				ALWAYS_EMBED_SWIFT_STANDARD_LIBRARIES = YES;
				CODE_SIGN_STYLE = Automatic;
				INFOPLIST_FILE = UserDefaultsUITests/Info.plist;
				LD_RUNPATH_SEARCH_PATHS = (
					"$(inherited)",
					"@executable_path/Frameworks",
					"@loader_path/Frameworks",
				);
				PRODUCT_BUNDLE_IDENTIFIER = com.rafa.UserDefaultsUITests;
				PRODUCT_NAME = "$(TARGET_NAME)";
				SWIFT_VERSION = 5.0;
				TARGETED_DEVICE_FAMILY = "1,2";
				TEST_TARGET_NAME = UserDefaults;
			};
			name = Release;
		};
/* End XCBuildConfiguration section */

/* Begin XCConfigurationList section */
		1BF217F726334A7800F7949C /* Build configuration list for PBXProject "UserDefaults" */ = {
			isa = XCConfigurationList;
			buildConfigurations = (
				1BF2182426334A7A00F7949C /* Debug */,
				1BF2182526334A7A00F7949C /* Release */,
			);
			defaultConfigurationIsVisible = 0;
			defaultConfigurationName = Release;
		};
		1BF2182626334A7A00F7949C /* Build configuration list for PBXNativeTarget "UserDefaults" */ = {
			isa = XCConfigurationList;
			buildConfigurations = (
				1BF2182726334A7A00F7949C /* Debug */,
				1BF2182826334A7A00F7949C /* Release */,
			);
			defaultConfigurationIsVisible = 0;
			defaultConfigurationName = Release;
		};
		1BF2182926334A7A00F7949C /* Build configuration list for PBXNativeTarget "UserDefaultsTests" */ = {
			isa = XCConfigurationList;
			buildConfigurations = (
				1BF2182A26334A7A00F7949C /* Debug */,
				1BF2182B26334A7A00F7949C /* Release */,
			);
			defaultConfigurationIsVisible = 0;
			defaultConfigurationName = Release;
		};
		1BF2182C26334A7A00F7949C /* Build configuration list for PBXNativeTarget "UserDefaultsUITests" */ = {
			isa = XCConfigurationList;
			buildConfigurations = (
				1BF2182D26334A7A00F7949C /* Debug */,
				1BF2182E26334A7A00F7949C /* Release */,
			);
			defaultConfigurationIsVisible = 0;
			defaultConfigurationName = Release;
		};
/* End XCConfigurationList section */
	};
	rootObject = 1BF217F426334A7800F7949C /* Project object */;
}
