// !$*UTF8*$!
{
	archiveVersion = 1;
	classes = {
	};
	objectVersion = 50;
	objects = {

/* Begin PBXBuildFile section */
		1B16F0C0261E5C33000C6DD7 /* AppDelegate.swift in Sources */ = {isa = PBXBuildFile; fileRef = 1B16F0BF261E5C33000C6DD7 /* AppDelegate.swift */; };
		1B16F0C2261E5C33000C6DD7 /* SceneDelegate.swift in Sources */ = {isa = PBXBuildFile; fileRef = 1B16F0C1261E5C33000C6DD7 /* SceneDelegate.swift */; };
		1B16F0C4261E5C33000C6DD7 /* ViewController.swift in Sources */ = {isa = PBXBuildFile; fileRef = 1B16F0C3261E5C33000C6DD7 /* ViewController.swift */; };
		1B16F0C7261E5C33000C6DD7 /* Main.storyboard in Resources */ = {isa = PBXBuildFile; fileRef = 1B16F0C5261E5C33000C6DD7 /* Main.storyboard */; };
		1B16F0C9261E5C34000C6DD7 /* Assets.xcassets in Resources */ = {isa = PBXBuildFile; fileRef = 1B16F0C8261E5C34000C6DD7 /* Assets.xcassets */; };
		1B16F0CC261E5C34000C6DD7 /* LaunchScreen.storyboard in Resources */ = {isa = PBXBuildFile; fileRef = 1B16F0CA261E5C34000C6DD7 /* LaunchScreen.storyboard */; };
		1B16F0E2261E5C35000C6DD7 /* CodeCoverageUITests.swift in Sources */ = {isa = PBXBuildFile; fileRef = 1B16F0E1261E5C35000C6DD7 /* CodeCoverageUITests.swift */; };
		1B16F0F3261E5C62000C6DD7 /* CoveredClass.swift in Sources */ = {isa = PBXBuildFile; fileRef = 1B16F0F2261E5C62000C6DD7 /* CoveredClass.swift */; };
		1B16F0FB261E5D84000C6DD7 /* CoveredClassTests.swift in Sources */ = {isa = PBXBuildFile; fileRef = 1B16F0FA261E5D84000C6DD7 /* CoveredClassTests.swift */; };
/* End PBXBuildFile section */

/* Begin PBXContainerItemProxy section */
		1B16F0D3261E5C35000C6DD7 /* PBXContainerItemProxy */ = {
			isa = PBXContainerItemProxy;
			containerPortal = 1B16F0B4261E5C33000C6DD7 /* Project object */;
			proxyType = 1;
			remoteGlobalIDString = 1B16F0BB261E5C33000C6DD7;
			remoteInfo = CodeCoverage;
		};
		1B16F0DE261E5C35000C6DD7 /* PBXContainerItemProxy */ = {
			isa = PBXContainerItemProxy;
			containerPortal = 1B16F0B4261E5C33000C6DD7 /* Project object */;
			proxyType = 1;
			remoteGlobalIDString = 1B16F0BB261E5C33000C6DD7;
			remoteInfo = CodeCoverage;
		};
/* End PBXContainerItemProxy section */

/* Begin PBXFileReference section */
		1B16F0BC261E5C33000C6DD7 /* CodeCoverage.app */ = {isa = PBXFileReference; explicitFileType = wrapper.application; includeInIndex = 0; path = CodeCoverage.app; sourceTree = BUILT_PRODUCTS_DIR; };
		1B16F0BF261E5C33000C6DD7 /* AppDelegate.swift */ = {isa = PBXFileReference; lastKnownFileType = sourcecode.swift; path = AppDelegate.swift; sourceTree = "<group>"; };
		1B16F0C1261E5C33000C6DD7 /* SceneDelegate.swift */ = {isa = PBXFileReference; lastKnownFileType = sourcecode.swift; path = SceneDelegate.swift; sourceTree = "<group>"; };
		1B16F0C3261E5C33000C6DD7 /* ViewController.swift */ = {isa = PBXFileReference; lastKnownFileType = sourcecode.swift; path = ViewController.swift; sourceTree = "<group>"; };
		1B16F0C6261E5C33000C6DD7 /* Base */ = {isa = PBXFileReference; lastKnownFileType = file.storyboard; name = Base; path = Base.lproj/Main.storyboard; sourceTree = "<group>"; };
		1B16F0C8261E5C34000C6DD7 /* Assets.xcassets */ = {isa = PBXFileReference; lastKnownFileType = folder.assetcatalog; path = Assets.xcassets; sourceTree = "<group>"; };
		1B16F0CB261E5C34000C6DD7 /* Base */ = {isa = PBXFileReference; lastKnownFileType = file.storyboard; name = Base; path = Base.lproj/LaunchScreen.storyboard; sourceTree = "<group>"; };
		1B16F0CD261E5C34000C6DD7 /* Info.plist */ = {isa = PBXFileReference; lastKnownFileType = text.plist.xml; path = Info.plist; sourceTree = "<group>"; };
		1B16F0D2261E5C35000C6DD7 /* CodeCoverageTests.xctest */ = {isa = PBXFileReference; explicitFileType = wrapper.cfbundle; includeInIndex = 0; path = CodeCoverageTests.xctest; sourceTree = BUILT_PRODUCTS_DIR; };
		1B16F0D8261E5C35000C6DD7 /* Info.plist */ = {isa = PBXFileReference; lastKnownFileType = text.plist.xml; path = Info.plist; sourceTree = "<group>"; };
		1B16F0DD261E5C35000C6DD7 /* CodeCoverageUITests.xctest */ = {isa = PBXFileReference; explicitFileType = wrapper.cfbundle; includeInIndex = 0; path = CodeCoverageUITests.xctest; sourceTree = BUILT_PRODUCTS_DIR; };
		1B16F0E1261E5C35000C6DD7 /* CodeCoverageUITests.swift */ = {isa = PBXFileReference; lastKnownFileType = sourcecode.swift; path = CodeCoverageUITests.swift; sourceTree = "<group>"; };
		1B16F0E3261E5C35000C6DD7 /* Info.plist */ = {isa = PBXFileReference; lastKnownFileType = text.plist.xml; path = Info.plist; sourceTree = "<group>"; };
		1B16F0F2261E5C62000C6DD7 /* CoveredClass.swift */ = {isa = PBXFileReference; lastKnownFileType = sourcecode.swift; path = CoveredClass.swift; sourceTree = "<group>"; };
		1B16F0FA261E5D84000C6DD7 /* CoveredClassTests.swift */ = {isa = PBXFileReference; lastKnownFileType = sourcecode.swift; path = CoveredClassTests.swift; sourceTree = "<group>"; };
/* End PBXFileReference section */

/* Begin PBXFrameworksBuildPhase section */
		1B16F0B9261E5C33000C6DD7 /* Frameworks */ = {
			isa = PBXFrameworksBuildPhase;
			buildActionMask = 2147483647;
			files = (
			);
			runOnlyForDeploymentPostprocessing = 0;
		};
		1B16F0CF261E5C35000C6DD7 /* Frameworks */ = {
			isa = PBXFrameworksBuildPhase;
			buildActionMask = 2147483647;
			files = (
			);
			runOnlyForDeploymentPostprocessing = 0;
		};
		1B16F0DA261E5C35000C6DD7 /* Frameworks */ = {
			isa = PBXFrameworksBuildPhase;
			buildActionMask = 2147483647;
			files = (
			);
			runOnlyForDeploymentPostprocessing = 0;
		};
/* End PBXFrameworksBuildPhase section */

/* Begin PBXGroup section */
		1B16F0B3261E5C33000C6DD7 = {
			isa = PBXGroup;
			children = (
				1B16F0BE261E5C33000C6DD7 /* CodeCoverage */,
				1B16F0D5261E5C35000C6DD7 /* CodeCoverageTests */,
				1B16F0E0261E5C35000C6DD7 /* CodeCoverageUITests */,
				1B16F0BD261E5C33000C6DD7 /* Products */,
			);
			sourceTree = "<group>";
		};
		1B16F0BD261E5C33000C6DD7 /* Products */ = {
			isa = PBXGroup;
			children = (
				1B16F0BC261E5C33000C6DD7 /* CodeCoverage.app */,
				1B16F0D2261E5C35000C6DD7 /* CodeCoverageTests.xctest */,
				1B16F0DD261E5C35000C6DD7 /* CodeCoverageUITests.xctest */,
			);
			name = Products;
			sourceTree = "<group>";
		};
		1B16F0BE261E5C33000C6DD7 /* CodeCoverage */ = {
			isa = PBXGroup;
			children = (
				1B16F0BF261E5C33000C6DD7 /* AppDelegate.swift */,
				1B16F0C1261E5C33000C6DD7 /* SceneDelegate.swift */,
				1B16F0C3261E5C33000C6DD7 /* ViewController.swift */,
				1B16F0C5261E5C33000C6DD7 /* Main.storyboard */,
				1B16F0C8261E5C34000C6DD7 /* Assets.xcassets */,
				1B16F0CA261E5C34000C6DD7 /* LaunchScreen.storyboard */,
				1B16F0CD261E5C34000C6DD7 /* Info.plist */,
				1B16F0F2261E5C62000C6DD7 /* CoveredClass.swift */,
			);
			path = CodeCoverage;
			sourceTree = "<group>";
		};
		1B16F0D5261E5C35000C6DD7 /* CodeCoverageTests */ = {
			isa = PBXGroup;
			children = (
				1B16F0D8261E5C35000C6DD7 /* Info.plist */,
				1B16F0FA261E5D84000C6DD7 /* CoveredClassTests.swift */,
			);
			path = CodeCoverageTests;
			sourceTree = "<group>";
		};
		1B16F0E0261E5C35000C6DD7 /* CodeCoverageUITests */ = {
			isa = PBXGroup;
			children = (
				1B16F0E1261E5C35000C6DD7 /* CodeCoverageUITests.swift */,
				1B16F0E3261E5C35000C6DD7 /* Info.plist */,
			);
			path = CodeCoverageUITests;
			sourceTree = "<group>";
		};
/* End PBXGroup section */

/* Begin PBXNativeTarget section */
		1B16F0BB261E5C33000C6DD7 /* CodeCoverage */ = {
			isa = PBXNativeTarget;
			buildConfigurationList = 1B16F0E6261E5C35000C6DD7 /* Build configuration list for PBXNativeTarget "CodeCoverage" */;
			buildPhases = (
				1B16F0B8261E5C33000C6DD7 /* Sources */,
				1B16F0B9261E5C33000C6DD7 /* Frameworks */,
				1B16F0BA261E5C33000C6DD7 /* Resources */,
			);
			buildRules = (
			);
			dependencies = (
			);
			name = CodeCoverage;
			productName = CodeCoverage;
			productReference = 1B16F0BC261E5C33000C6DD7 /* CodeCoverage.app */;
			productType = "com.apple.product-type.application";
		};
		1B16F0D1261E5C35000C6DD7 /* CodeCoverageTests */ = {
			isa = PBXNativeTarget;
			buildConfigurationList = 1B16F0E9261E5C35000C6DD7 /* Build configuration list for PBXNativeTarget "CodeCoverageTests" */;
			buildPhases = (
				1B16F0CE261E5C35000C6DD7 /* Sources */,
				1B16F0CF261E5C35000C6DD7 /* Frameworks */,
				1B16F0D0261E5C35000C6DD7 /* Resources */,
			);
			buildRules = (
			);
			dependencies = (
				1B16F0D4261E5C35000C6DD7 /* PBXTargetDependency */,
			);
			name = CodeCoverageTests;
			productName = CodeCoverageTests;
			productReference = 1B16F0D2261E5C35000C6DD7 /* CodeCoverageTests.xctest */;
			productType = "com.apple.product-type.bundle.unit-test";
		};
		1B16F0DC261E5C35000C6DD7 /* CodeCoverageUITests */ = {
			isa = PBXNativeTarget;
			buildConfigurationList = 1B16F0EC261E5C35000C6DD7 /* Build configuration list for PBXNativeTarget "CodeCoverageUITests" */;
			buildPhases = (
				1B16F0D9261E5C35000C6DD7 /* Sources */,
				1B16F0DA261E5C35000C6DD7 /* Frameworks */,
				1B16F0DB261E5C35000C6DD7 /* Resources */,
			);
			buildRules = (
			);
			dependencies = (
				1B16F0DF261E5C35000C6DD7 /* PBXTargetDependency */,
			);
			name = CodeCoverageUITests;
			productName = CodeCoverageUITests;
			productReference = 1B16F0DD261E5C35000C6DD7 /* CodeCoverageUITests.xctest */;
			productType = "com.apple.product-type.bundle.ui-testing";
		};
/* End PBXNativeTarget section */

/* Begin PBXProject section */
		1B16F0B4261E5C33000C6DD7 /* Project object */ = {
			isa = PBXProject;
			attributes = {
				LastSwiftUpdateCheck = 1240;
				LastUpgradeCheck = 1240;
				TargetAttributes = {
					1B16F0BB261E5C33000C6DD7 = {
						CreatedOnToolsVersion = 12.4;
					};
					1B16F0D1261E5C35000C6DD7 = {
						CreatedOnToolsVersion = 12.4;
						LastSwiftMigration = 1240;
						TestTargetID = 1B16F0BB261E5C33000C6DD7;
					};
					1B16F0DC261E5C35000C6DD7 = {
						CreatedOnToolsVersion = 12.4;
						TestTargetID = 1B16F0BB261E5C33000C6DD7;
					};
				};
			};
			buildConfigurationList = 1B16F0B7261E5C33000C6DD7 /* Build configuration list for PBXProject "CodeCoverage" */;
			compatibilityVersion = "Xcode 9.3";
			developmentRegion = en;
			hasScannedForEncodings = 0;
			knownRegions = (
				en,
				Base,
			);
			mainGroup = 1B16F0B3261E5C33000C6DD7;
			productRefGroup = 1B16F0BD261E5C33000C6DD7 /* Products */;
			projectDirPath = "";
			projectRoot = "";
			targets = (
				1B16F0BB261E5C33000C6DD7 /* CodeCoverage */,
				1B16F0D1261E5C35000C6DD7 /* CodeCoverageTests */,
				1B16F0DC261E5C35000C6DD7 /* CodeCoverageUITests */,
			);
		};
/* End PBXProject section */

/* Begin PBXResourcesBuildPhase section */
		1B16F0BA261E5C33000C6DD7 /* Resources */ = {
			isa = PBXResourcesBuildPhase;
			buildActionMask = 2147483647;
			files = (
				1B16F0CC261E5C34000C6DD7 /* LaunchScreen.storyboard in Resources */,
				1B16F0C9261E5C34000C6DD7 /* Assets.xcassets in Resources */,
				1B16F0C7261E5C33000C6DD7 /* Main.storyboard in Resources */,
			);
			runOnlyForDeploymentPostprocessing = 0;
		};
		1B16F0D0261E5C35000C6DD7 /* Resources */ = {
			isa = PBXResourcesBuildPhase;
			buildActionMask = 2147483647;
			files = (
			);
			runOnlyForDeploymentPostprocessing = 0;
		};
		1B16F0DB261E5C35000C6DD7 /* Resources */ = {
			isa = PBXResourcesBuildPhase;
			buildActionMask = 2147483647;
			files = (
			);
			runOnlyForDeploymentPostprocessing = 0;
		};
/* End PBXResourcesBuildPhase section */

/* Begin PBXSourcesBuildPhase section */
		1B16F0B8261E5C33000C6DD7 /* Sources */ = {
			isa = PBXSourcesBuildPhase;
			buildActionMask = 2147483647;
			files = (
				1B16F0C4261E5C33000C6DD7 /* ViewController.swift in Sources */,
				1B16F0C0261E5C33000C6DD7 /* AppDelegate.swift in Sources */,
				1B16F0C2261E5C33000C6DD7 /* SceneDelegate.swift in Sources */,
				1B16F0F3261E5C62000C6DD7 /* CoveredClass.swift in Sources */,
			);
			runOnlyForDeploymentPostprocessing = 0;
		};
		1B16F0CE261E5C35000C6DD7 /* Sources */ = {
			isa = PBXSourcesBuildPhase;
			buildActionMask = 2147483647;
			files = (
				1B16F0FB261E5D84000C6DD7 /* CoveredClassTests.swift in Sources */,
			);
			runOnlyForDeploymentPostprocessing = 0;
		};
		1B16F0D9261E5C35000C6DD7 /* Sources */ = {
			isa = PBXSourcesBuildPhase;
			buildActionMask = 2147483647;
			files = (
				1B16F0E2261E5C35000C6DD7 /* CodeCoverageUITests.swift in Sources */,
			);
			runOnlyForDeploymentPostprocessing = 0;
		};
/* End PBXSourcesBuildPhase section */

/* Begin PBXTargetDependency section */
		1B16F0D4261E5C35000C6DD7 /* PBXTargetDependency */ = {
			isa = PBXTargetDependency;
			target = 1B16F0BB261E5C33000C6DD7 /* CodeCoverage */;
			targetProxy = 1B16F0D3261E5C35000C6DD7 /* PBXContainerItemProxy */;
		};
		1B16F0DF261E5C35000C6DD7 /* PBXTargetDependency */ = {
			isa = PBXTargetDependency;
			target = 1B16F0BB261E5C33000C6DD7 /* CodeCoverage */;
			targetProxy = 1B16F0DE261E5C35000C6DD7 /* PBXContainerItemProxy */;
		};
/* End PBXTargetDependency section */

/* Begin PBXVariantGroup section */
		1B16F0C5261E5C33000C6DD7 /* Main.storyboard */ = {
			isa = PBXVariantGroup;
			children = (
				1B16F0C6261E5C33000C6DD7 /* Base */,
			);
			name = Main.storyboard;
			sourceTree = "<group>";
		};
		1B16F0CA261E5C34000C6DD7 /* LaunchScreen.storyboard */ = {
			isa = PBXVariantGroup;
			children = (
				1B16F0CB261E5C34000C6DD7 /* Base */,
			);
			name = LaunchScreen.storyboard;
			sourceTree = "<group>";
		};
/* End PBXVariantGroup section */

/* Begin XCBuildConfiguration section */
		1B16F0E4261E5C35000C6DD7 /* Debug */ = {
			isa = XCBuildConfiguration;
			buildSettings = {
				ALWAYS_SEARCH_USER_PATHS = NO;
				CLANG_ANALYZER_NONNULL = YES;
				CLANG_ANALYZER_NUMBER_OBJECT_CONVERSION = YES_AGGRESSIVE;
				CLANG_CXX_LANGUAGE_STANDARD = "gnu++14";
				CLANG_CXX_LIBRARY = "libc++";
				CLANG_ENABLE_MODULES = YES;
				CLANG_ENABLE_OBJC_ARC = YES;
				CLANG_ENABLE_OBJC_WEAK = YES;
				CLANG_WARN_BLOCK_CAPTURE_AUTORELEASING = YES;
				CLANG_WARN_BOOL_CONVERSION = YES;
				CLANG_WARN_COMMA = YES;
				CLANG_WARN_CONSTANT_CONVERSION = YES;
				CLANG_WARN_DEPRECATED_OBJC_IMPLEMENTATIONS = YES;
				CLANG_WARN_DIRECT_OBJC_ISA_USAGE = YES_ERROR;
				CLANG_WARN_DOCUMENTATION_COMMENTS = YES;
				CLANG_WARN_EMPTY_BODY = YES;
				CLANG_WARN_ENUM_CONVERSION = YES;
				CLANG_WARN_INFINITE_RECURSION = YES;
				CLANG_WARN_INT_CONVERSION = YES;
				CLANG_WARN_NON_LITERAL_NULL_CONVERSION = YES;
				CLANG_WARN_OBJC_IMPLICIT_RETAIN_SELF = YES;
				CLANG_WARN_OBJC_LITERAL_CONVERSION = YES;
				CLANG_WARN_OBJC_ROOT_CLASS = YES_ERROR;
				CLANG_WARN_QUOTED_INCLUDE_IN_FRAMEWORK_HEADER = YES;
				CLANG_WARN_RANGE_LOOP_ANALYSIS = YES;
				CLANG_WARN_STRICT_PROTOTYPES = YES;
				CLANG_WARN_SUSPICIOUS_MOVE = YES;
				CLANG_WARN_UNGUARDED_AVAILABILITY = YES_AGGRESSIVE;
				CLANG_WARN_UNREACHABLE_CODE = YES;
				CLANG_WARN__DUPLICATE_METHOD_MATCH = YES;
				COPY_PHASE_STRIP = NO;
				DEBUG_INFORMATION_FORMAT = dwarf;
				ENABLE_STRICT_OBJC_MSGSEND = YES;
				ENABLE_TESTABILITY = YES;
				GCC_C_LANGUAGE_STANDARD = gnu11;
				GCC_DYNAMIC_NO_PIC = NO;
				GCC_NO_COMMON_BLOCKS = YES;
				GCC_OPTIMIZATION_LEVEL = 0;
				GCC_PREPROCESSOR_DEFINITIONS = (
					"DEBUG=1",
					"$(inherited)",
				);
				GCC_WARN_64_TO_32_BIT_CONVERSION = YES;
				GCC_WARN_ABOUT_RETURN_TYPE = YES_ERROR;
				GCC_WARN_UNDECLARED_SELECTOR = YES;
				GCC_WARN_UNINITIALIZED_AUTOS = YES_AGGRESSIVE;
				GCC_WARN_UNUSED_FUNCTION = YES;
				GCC_WARN_UNUSED_VARIABLE = YES;
				IPHONEOS_DEPLOYMENT_TARGET = 14.4;
				MTL_ENABLE_DEBUG_INFO = INCLUDE_SOURCE;
				MTL_FAST_MATH = YES;
				ONLY_ACTIVE_ARCH = YES;
				SDKROOT = iphoneos;
				SWIFT_ACTIVE_COMPILATION_CONDITIONS = DEBUG;
				SWIFT_OPTIMIZATION_LEVEL = "-Onone";
			};
			name = Debug;
		};
		1B16F0E5261E5C35000C6DD7 /* Release */ = {
			isa = XCBuildConfiguration;
			buildSettings = {
				ALWAYS_SEARCH_USER_PATHS = NO;
				CLANG_ANALYZER_NONNULL = YES;
				CLANG_ANALYZER_NUMBER_OBJECT_CONVERSION = YES_AGGRESSIVE;
				CLANG_CXX_LANGUAGE_STANDARD = "gnu++14";
				CLANG_CXX_LIBRARY = "libc++";
				CLANG_ENABLE_MODULES = YES;
				CLANG_ENABLE_OBJC_ARC = YES;
				CLANG_ENABLE_OBJC_WEAK = YES;
				CLANG_WARN_BLOCK_CAPTURE_AUTORELEASING = YES;
				CLANG_WARN_BOOL_CONVERSION = YES;
				CLANG_WARN_COMMA = YES;
				CLANG_WARN_CONSTANT_CONVERSION = YES;
				CLANG_WARN_DEPRECATED_OBJC_IMPLEMENTATIONS = YES;
				CLANG_WARN_DIRECT_OBJC_ISA_USAGE = YES_ERROR;
				CLANG_WARN_DOCUMENTATION_COMMENTS = YES;
				CLANG_WARN_EMPTY_BODY = YES;
				CLANG_WARN_ENUM_CONVERSION = YES;
				CLANG_WARN_INFINITE_RECURSION = YES;
				CLANG_WARN_INT_CONVERSION = YES;
				CLANG_WARN_NON_LITERAL_NULL_CONVERSION = YES;
				CLANG_WARN_OBJC_IMPLICIT_RETAIN_SELF = YES;
				CLANG_WARN_OBJC_LITERAL_CONVERSION = YES;
				CLANG_WARN_OBJC_ROOT_CLASS = YES_ERROR;
				CLANG_WARN_QUOTED_INCLUDE_IN_FRAMEWORK_HEADER = YES;
				CLANG_WARN_RANGE_LOOP_ANALYSIS = YES;
				CLANG_WARN_STRICT_PROTOTYPES = YES;
				CLANG_WARN_SUSPICIOUS_MOVE = YES;
				CLANG_WARN_UNGUARDED_AVAILABILITY = YES_AGGRESSIVE;
				CLANG_WARN_UNREACHABLE_CODE = YES;
				CLANG_WARN__DUPLICATE_METHOD_MATCH = YES;
				COPY_PHASE_STRIP = NO;
				DEBUG_INFORMATION_FORMAT = "dwarf-with-dsym";
				ENABLE_NS_ASSERTIONS = NO;
				ENABLE_STRICT_OBJC_MSGSEND = YES;
				GCC_C_LANGUAGE_STANDARD = gnu11;
				GCC_NO_COMMON_BLOCKS = YES;
				GCC_WARN_64_TO_32_BIT_CONVERSION = YES;
				GCC_WARN_ABOUT_RETURN_TYPE = YES_ERROR;
				GCC_WARN_UNDECLARED_SELECTOR = YES;
				GCC_WARN_UNINITIALIZED_AUTOS = YES_AGGRESSIVE;
				GCC_WARN_UNUSED_FUNCTION = YES;
				GCC_WARN_UNUSED_VARIABLE = YES;
				IPHONEOS_DEPLOYMENT_TARGET = 14.4;
				MTL_ENABLE_DEBUG_INFO = NO;
				MTL_FAST_MATH = YES;
				SDKROOT = iphoneos;
				SWIFT_COMPILATION_MODE = wholemodule;
				SWIFT_OPTIMIZATION_LEVEL = "-O";
				VALIDATE_PRODUCT = YES;
			};
			name = Release;
		};
		1B16F0E7261E5C35000C6DD7 /* Debug */ = {
			isa = XCBuildConfiguration;
			buildSettings = {
				ASSETCATALOG_COMPILER_APPICON_NAME = AppIcon;
				ASSETCATALOG_COMPILER_GLOBAL_ACCENT_COLOR_NAME = AccentColor;
				CODE_SIGN_STYLE = Automatic;
				INFOPLIST_FILE = CodeCoverage/Info.plist;
				LD_RUNPATH_SEARCH_PATHS = (
					"$(inherited)",
					"@executable_path/Frameworks",
				);
				PRODUCT_BUNDLE_IDENTIFIER = com.rafa.CodeCoverage;
				PRODUCT_NAME = "$(TARGET_NAME)";
				SWIFT_VERSION = 5.0;
				TARGETED_DEVICE_FAMILY = "1,2";
			};
			name = Debug;
		};
		1B16F0E8261E5C35000C6DD7 /* Release */ = {
			isa = XCBuildConfiguration;
			buildSettings = {
				ASSETCATALOG_COMPILER_APPICON_NAME = AppIcon;
				ASSETCATALOG_COMPILER_GLOBAL_ACCENT_COLOR_NAME = AccentColor;
				CODE_SIGN_STYLE = Automatic;
				INFOPLIST_FILE = CodeCoverage/Info.plist;
				LD_RUNPATH_SEARCH_PATHS = (
					"$(inherited)",
					"@executable_path/Frameworks",
				);
				PRODUCT_BUNDLE_IDENTIFIER = com.rafa.CodeCoverage;
				PRODUCT_NAME = "$(TARGET_NAME)";
				SWIFT_VERSION = 5.0;
				TARGETED_DEVICE_FAMILY = "1,2";
			};
			name = Release;
		};
		1B16F0EA261E5C35000C6DD7 /* Debug */ = {
			isa = XCBuildConfiguration;
			buildSettings = {
				ALWAYS_EMBED_SWIFT_STANDARD_LIBRARIES = YES;
				BUNDLE_LOADER = "$(TEST_HOST)";
				CLANG_ENABLE_MODULES = YES;
				CODE_SIGN_STYLE = Automatic;
				INFOPLIST_FILE = CodeCoverageTests/Info.plist;
				IPHONEOS_DEPLOYMENT_TARGET = 14.4;
				LD_RUNPATH_SEARCH_PATHS = (
					"$(inherited)",
					"@executable_path/Frameworks",
					"@loader_path/Frameworks",
				);
				PRODUCT_BUNDLE_IDENTIFIER = com.rafa.CodeCoverageTests;
				PRODUCT_NAME = "$(TARGET_NAME)";
				SWIFT_OPTIMIZATION_LEVEL = "-Onone";
				SWIFT_VERSION = 5.0;
				TARGETED_DEVICE_FAMILY = "1,2";
				TEST_HOST = "$(BUILT_PRODUCTS_DIR)/CodeCoverage.app/CodeCoverage";
			};
			name = Debug;
		};
		1B16F0EB261E5C35000C6DD7 /* Release */ = {
			isa = XCBuildConfiguration;
			buildSettings = {
				ALWAYS_EMBED_SWIFT_STANDARD_LIBRARIES = YES;
				BUNDLE_LOADER = "$(TEST_HOST)";
				CLANG_ENABLE_MODULES = YES;
				CODE_SIGN_STYLE = Automatic;
				INFOPLIST_FILE = CodeCoverageTests/Info.plist;
				IPHONEOS_DEPLOYMENT_TARGET = 14.4;
				LD_RUNPATH_SEARCH_PATHS = (
					"$(inherited)",
					"@executable_path/Frameworks",
					"@loader_path/Frameworks",
				);
				PRODUCT_BUNDLE_IDENTIFIER = com.rafa.CodeCoverageTests;
				PRODUCT_NAME = "$(TARGET_NAME)";
				SWIFT_VERSION = 5.0;
				TARGETED_DEVICE_FAMILY = "1,2";
				TEST_HOST = "$(BUILT_PRODUCTS_DIR)/CodeCoverage.app/CodeCoverage";
			};
			name = Release;
		};
		1B16F0ED261E5C35000C6DD7 /* Debug */ = {
			isa = XCBuildConfiguration;
			buildSettings = {
				ALWAYS_EMBED_SWIFT_STANDARD_LIBRARIES = YES;
				CODE_SIGN_STYLE = Automatic;
				INFOPLIST_FILE = CodeCoverageUITests/Info.plist;
				LD_RUNPATH_SEARCH_PATHS = (
					"$(inherited)",
					"@executable_path/Frameworks",
					"@loader_path/Frameworks",
				);
				PRODUCT_BUNDLE_IDENTIFIER = com.rafa.CodeCoverageUITests;
				PRODUCT_NAME = "$(TARGET_NAME)";
				SWIFT_VERSION = 5.0;
				TARGETED_DEVICE_FAMILY = "1,2";
				TEST_TARGET_NAME = CodeCoverage;
			};
			name = Debug;
		};
		1B16F0EE261E5C35000C6DD7 /* Release */ = {
			isa = XCBuildConfiguration;
			buildSettings = {
				ALWAYS_EMBED_SWIFT_STANDARD_LIBRARIES = YES;
				CODE_SIGN_STYLE = Automatic;
				INFOPLIST_FILE = CodeCoverageUITests/Info.plist;
				LD_RUNPATH_SEARCH_PATHS = (
					"$(inherited)",
					"@executable_path/Frameworks",
					"@loader_path/Frameworks",
				);
				PRODUCT_BUNDLE_IDENTIFIER = com.rafa.CodeCoverageUITests;
				PRODUCT_NAME = "$(TARGET_NAME)";
				SWIFT_VERSION = 5.0;
				TARGETED_DEVICE_FAMILY = "1,2";
				TEST_TARGET_NAME = CodeCoverage;
			};
			name = Release;
		};
/* End XCBuildConfiguration section */

/* Begin XCConfigurationList section */
		1B16F0B7261E5C33000C6DD7 /* Build configuration list for PBXProject "CodeCoverage" */ = {
			isa = XCConfigurationList;
			buildConfigurations = (
				1B16F0E4261E5C35000C6DD7 /* Debug */,
				1B16F0E5261E5C35000C6DD7 /* Release */,
			);
			defaultConfigurationIsVisible = 0;
			defaultConfigurationName = Release;
		};
		1B16F0E6261E5C35000C6DD7 /* Build configuration list for PBXNativeTarget "CodeCoverage" */ = {
			isa = XCConfigurationList;
			buildConfigurations = (
				1B16F0E7261E5C35000C6DD7 /* Debug */,
				1B16F0E8261E5C35000C6DD7 /* Release */,
			);
			defaultConfigurationIsVisible = 0;
			defaultConfigurationName = Release;
		};
		1B16F0E9261E5C35000C6DD7 /* Build configuration list for PBXNativeTarget "CodeCoverageTests" */ = {
			isa = XCConfigurationList;
			buildConfigurations = (
				1B16F0EA261E5C35000C6DD7 /* Debug */,
				1B16F0EB261E5C35000C6DD7 /* Release */,
			);
			defaultConfigurationIsVisible = 0;
			defaultConfigurationName = Release;
		};
		1B16F0EC261E5C35000C6DD7 /* Build configuration list for PBXNativeTarget "CodeCoverageUITests" */ = {
			isa = XCConfigurationList;
			buildConfigurations = (
				1B16F0ED261E5C35000C6DD7 /* Debug */,
				1B16F0EE261E5C35000C6DD7 /* Release */,
			);
			defaultConfigurationIsVisible = 0;
			defaultConfigurationName = Release;
		};
/* End XCConfigurationList section */
	};
	rootObject = 1B16F0B4261E5C33000C6DD7 /* Project object */;
}
