// !$*UTF8*$!
{
	archiveVersion = 1;
	classes = {
	};
	objectVersion = 50;
	objects = {

/* Begin PBXBuildFile section */
		1BAA838A261D2E8900ECC30F /* AppDelegate.swift in Sources */ = {isa = PBXBuildFile; fileRef = 1BAA8389261D2E8900ECC30F /* AppDelegate.swift */; };
		1BAA838C261D2E8900ECC30F /* SceneDelegate.swift in Sources */ = {isa = PBXBuildFile; fileRef = 1BAA838B261D2E8900ECC30F /* SceneDelegate.swift */; };
		1BAA838E261D2E8900ECC30F /* ViewController.swift in Sources */ = {isa = PBXBuildFile; fileRef = 1BAA838D261D2E8900ECC30F /* ViewController.swift */; };
		1BAA8391261D2E8900ECC30F /* Main.storyboard in Resources */ = {isa = PBXBuildFile; fileRef = 1BAA838F261D2E8900ECC30F /* Main.storyboard */; };
		1BAA8393261D2E8A00ECC30F /* Assets.xcassets in Resources */ = {isa = PBXBuildFile; fileRef = 1BAA8392261D2E8A00ECC30F /* Assets.xcassets */; };
		1BAA8396261D2E8A00ECC30F /* LaunchScreen.storyboard in Resources */ = {isa = PBXBuildFile; fileRef = 1BAA8394261D2E8A00ECC30F /* LaunchScreen.storyboard */; };
		1BAA83AC261D2E8A00ECC30F /* LifeCycleUITests.swift in Sources */ = {isa = PBXBuildFile; fileRef = 1BAA83AB261D2E8A00ECC30F /* LifeCycleUITests.swift */; };
		1BAA83BD261D2EDA00ECC30F /* MyClass.swift in Sources */ = {isa = PBXBuildFile; fileRef = 1BAA83BC261D2EDA00ECC30F /* MyClass.swift */; };
		1BAA83C2261D2F7C00ECC30F /* MyClassTests.swift in Sources */ = {isa = PBXBuildFile; fileRef = 1BAA83C1261D2F7C00ECC30F /* MyClassTests.swift */; };
/* End PBXBuildFile section */

/* Begin PBXContainerItemProxy section */
		1BAA839D261D2E8A00ECC30F /* PBXContainerItemProxy */ = {
			isa = PBXContainerItemProxy;
			containerPortal = 1BAA837E261D2E8900ECC30F /* Project object */;
			proxyType = 1;
			remoteGlobalIDString = 1BAA8385261D2E8900ECC30F;
			remoteInfo = LifeCycle;
		};
		1BAA83A8261D2E8A00ECC30F /* PBXContainerItemProxy */ = {
			isa = PBXContainerItemProxy;
			containerPortal = 1BAA837E261D2E8900ECC30F /* Project object */;
			proxyType = 1;
			remoteGlobalIDString = 1BAA8385261D2E8900ECC30F;
			remoteInfo = LifeCycle;
		};
/* End PBXContainerItemProxy section */

/* Begin PBXFileReference section */
		1BAA8386261D2E8900ECC30F /* LifeCycle.app */ = {isa = PBXFileReference; explicitFileType = wrapper.application; includeInIndex = 0; path = LifeCycle.app; sourceTree = BUILT_PRODUCTS_DIR; };
		1BAA8389261D2E8900ECC30F /* AppDelegate.swift */ = {isa = PBXFileReference; lastKnownFileType = sourcecode.swift; path = AppDelegate.swift; sourceTree = "<group>"; };
		1BAA838B261D2E8900ECC30F /* SceneDelegate.swift */ = {isa = PBXFileReference; lastKnownFileType = sourcecode.swift; path = SceneDelegate.swift; sourceTree = "<group>"; };
		1BAA838D261D2E8900ECC30F /* ViewController.swift */ = {isa = PBXFileReference; lastKnownFileType = sourcecode.swift; path = ViewController.swift; sourceTree = "<group>"; };
		1BAA8390261D2E8900ECC30F /* Base */ = {isa = PBXFileReference; lastKnownFileType = file.storyboard; name = Base; path = Base.lproj/Main.storyboard; sourceTree = "<group>"; };
		1BAA8392261D2E8A00ECC30F /* Assets.xcassets */ = {isa = PBXFileReference; lastKnownFileType = folder.assetcatalog; path = Assets.xcassets; sourceTree = "<group>"; };
		1BAA8395261D2E8A00ECC30F /* Base */ = {isa = PBXFileReference; lastKnownFileType = file.storyboard; name = Base; path = Base.lproj/LaunchScreen.storyboard; sourceTree = "<group>"; };
		1BAA8397261D2E8A00ECC30F /* Info.plist */ = {isa = PBXFileReference; lastKnownFileType = text.plist.xml; path = Info.plist; sourceTree = "<group>"; };
		1BAA839C261D2E8A00ECC30F /* LifeCycleTests.xctest */ = {isa = PBXFileReference; explicitFileType = wrapper.cfbundle; includeInIndex = 0; path = LifeCycleTests.xctest; sourceTree = BUILT_PRODUCTS_DIR; };
		1BAA83A2261D2E8A00ECC30F /* Info.plist */ = {isa = PBXFileReference; lastKnownFileType = text.plist.xml; path = Info.plist; sourceTree = "<group>"; };
		1BAA83A7261D2E8A00ECC30F /* LifeCycleUITests.xctest */ = {isa = PBXFileReference; explicitFileType = wrapper.cfbundle; includeInIndex = 0; path = LifeCycleUITests.xctest; sourceTree = BUILT_PRODUCTS_DIR; };
		1BAA83AB261D2E8A00ECC30F /* LifeCycleUITests.swift */ = {isa = PBXFileReference; lastKnownFileType = sourcecode.swift; path = LifeCycleUITests.swift; sourceTree = "<group>"; };
		1BAA83AD261D2E8A00ECC30F /* Info.plist */ = {isa = PBXFileReference; lastKnownFileType = text.plist.xml; path = Info.plist; sourceTree = "<group>"; };
		1BAA83BC261D2EDA00ECC30F /* MyClass.swift */ = {isa = PBXFileReference; lastKnownFileType = sourcecode.swift; path = MyClass.swift; sourceTree = "<group>"; };
		1BAA83C1261D2F7C00ECC30F /* MyClassTests.swift */ = {isa = PBXFileReference; lastKnownFileType = sourcecode.swift; path = MyClassTests.swift; sourceTree = "<group>"; };
/* End PBXFileReference section */

/* Begin PBXFrameworksBuildPhase section */
		1BAA8383261D2E8900ECC30F /* Frameworks */ = {
			isa = PBXFrameworksBuildPhase;
			buildActionMask = 2147483647;
			files = (
			);
			runOnlyForDeploymentPostprocessing = 0;
		};
		1BAA8399261D2E8A00ECC30F /* Frameworks */ = {
			isa = PBXFrameworksBuildPhase;
			buildActionMask = 2147483647;
			files = (
			);
			runOnlyForDeploymentPostprocessing = 0;
		};
		1BAA83A4261D2E8A00ECC30F /* Frameworks */ = {
			isa = PBXFrameworksBuildPhase;
			buildActionMask = 2147483647;
			files = (
			);
			runOnlyForDeploymentPostprocessing = 0;
		};
/* End PBXFrameworksBuildPhase section */

/* Begin PBXGroup section */
		1BAA837D261D2E8900ECC30F = {
			isa = PBXGroup;
			children = (
				1BAA8388261D2E8900ECC30F /* LifeCycle */,
				1BAA839F261D2E8A00ECC30F /* LifeCycleTests */,
				1BAA83AA261D2E8A00ECC30F /* LifeCycleUITests */,
				1BAA8387261D2E8900ECC30F /* Products */,
			);
			sourceTree = "<group>";
		};
		1BAA8387261D2E8900ECC30F /* Products */ = {
			isa = PBXGroup;
			children = (
				1BAA8386261D2E8900ECC30F /* LifeCycle.app */,
				1BAA839C261D2E8A00ECC30F /* LifeCycleTests.xctest */,
				1BAA83A7261D2E8A00ECC30F /* LifeCycleUITests.xctest */,
			);
			name = Products;
			sourceTree = "<group>";
		};
		1BAA8388261D2E8900ECC30F /* LifeCycle */ = {
			isa = PBXGroup;
			children = (
				1BAA8389261D2E8900ECC30F /* AppDelegate.swift */,
				1BAA838B261D2E8900ECC30F /* SceneDelegate.swift */,
				1BAA838D261D2E8900ECC30F /* ViewController.swift */,
				1BAA838F261D2E8900ECC30F /* Main.storyboard */,
				1BAA8392261D2E8A00ECC30F /* Assets.xcassets */,
				1BAA8394261D2E8A00ECC30F /* LaunchScreen.storyboard */,
				1BAA8397261D2E8A00ECC30F /* Info.plist */,
				1BAA83BC261D2EDA00ECC30F /* MyClass.swift */,
			);
			path = LifeCycle;
			sourceTree = "<group>";
		};
		1BAA839F261D2E8A00ECC30F /* LifeCycleTests */ = {
			isa = PBXGroup;
			children = (
				1BAA83A2261D2E8A00ECC30F /* Info.plist */,
				1BAA83C1261D2F7C00ECC30F /* MyClassTests.swift */,
			);
			path = LifeCycleTests;
			sourceTree = "<group>";
		};
		1BAA83AA261D2E8A00ECC30F /* LifeCycleUITests */ = {
			isa = PBXGroup;
			children = (
				1BAA83AB261D2E8A00ECC30F /* LifeCycleUITests.swift */,
				1BAA83AD261D2E8A00ECC30F /* Info.plist */,
			);
			path = LifeCycleUITests;
			sourceTree = "<group>";
		};
/* End PBXGroup section */

/* Begin PBXNativeTarget section */
		1BAA8385261D2E8900ECC30F /* LifeCycle */ = {
			isa = PBXNativeTarget;
			buildConfigurationList = 1BAA83B0261D2E8A00ECC30F /* Build configuration list for PBXNativeTarget "LifeCycle" */;
			buildPhases = (
				1BAA8382261D2E8900ECC30F /* Sources */,
				1BAA8383261D2E8900ECC30F /* Frameworks */,
				1BAA8384261D2E8900ECC30F /* Resources */,
			);
			buildRules = (
			);
			dependencies = (
			);
			name = LifeCycle;
			productName = LifeCycle;
			productReference = 1BAA8386261D2E8900ECC30F /* LifeCycle.app */;
			productType = "com.apple.product-type.application";
		};
		1BAA839B261D2E8A00ECC30F /* LifeCycleTests */ = {
			isa = PBXNativeTarget;
			buildConfigurationList = 1BAA83B3261D2E8A00ECC30F /* Build configuration list for PBXNativeTarget "LifeCycleTests" */;
			buildPhases = (
				1BAA8398261D2E8A00ECC30F /* Sources */,
				1BAA8399261D2E8A00ECC30F /* Frameworks */,
				1BAA839A261D2E8A00ECC30F /* Resources */,
			);
			buildRules = (
			);
			dependencies = (
				1BAA839E261D2E8A00ECC30F /* PBXTargetDependency */,
			);
			name = LifeCycleTests;
			productName = LifeCycleTests;
			productReference = 1BAA839C261D2E8A00ECC30F /* LifeCycleTests.xctest */;
			productType = "com.apple.product-type.bundle.unit-test";
		};
		1BAA83A6261D2E8A00ECC30F /* LifeCycleUITests */ = {
			isa = PBXNativeTarget;
			buildConfigurationList = 1BAA83B6261D2E8A00ECC30F /* Build configuration list for PBXNativeTarget "LifeCycleUITests" */;
			buildPhases = (
				1BAA83A3261D2E8A00ECC30F /* Sources */,
				1BAA83A4261D2E8A00ECC30F /* Frameworks */,
				1BAA83A5261D2E8A00ECC30F /* Resources */,
			);
			buildRules = (
			);
			dependencies = (
				1BAA83A9261D2E8A00ECC30F /* PBXTargetDependency */,
			);
			name = LifeCycleUITests;
			productName = LifeCycleUITests;
			productReference = 1BAA83A7261D2E8A00ECC30F /* LifeCycleUITests.xctest */;
			productType = "com.apple.product-type.bundle.ui-testing";
		};
/* End PBXNativeTarget section */

/* Begin PBXProject section */
		1BAA837E261D2E8900ECC30F /* Project object */ = {
			isa = PBXProject;
			attributes = {
				LastSwiftUpdateCheck = 1240;
				LastUpgradeCheck = 1240;
				TargetAttributes = {
					1BAA8385261D2E8900ECC30F = {
						CreatedOnToolsVersion = 12.4;
					};
					1BAA839B261D2E8A00ECC30F = {
						CreatedOnToolsVersion = 12.4;
						TestTargetID = 1BAA8385261D2E8900ECC30F;
					};
					1BAA83A6261D2E8A00ECC30F = {
						CreatedOnToolsVersion = 12.4;
						TestTargetID = 1BAA8385261D2E8900ECC30F;
					};
				};
			};
			buildConfigurationList = 1BAA8381261D2E8900ECC30F /* Build configuration list for PBXProject "LifeCycle" */;
			compatibilityVersion = "Xcode 9.3";
			developmentRegion = en;
			hasScannedForEncodings = 0;
			knownRegions = (
				en,
				Base,
			);
			mainGroup = 1BAA837D261D2E8900ECC30F;
			productRefGroup = 1BAA8387261D2E8900ECC30F /* Products */;
			projectDirPath = "";
			projectRoot = "";
			targets = (
				1BAA8385261D2E8900ECC30F /* LifeCycle */,
				1BAA839B261D2E8A00ECC30F /* LifeCycleTests */,
				1BAA83A6261D2E8A00ECC30F /* LifeCycleUITests */,
			);
		};
/* End PBXProject section */

/* Begin PBXResourcesBuildPhase section */
		1BAA8384261D2E8900ECC30F /* Resources */ = {
			isa = PBXResourcesBuildPhase;
			buildActionMask = 2147483647;
			files = (
				1BAA8396261D2E8A00ECC30F /* LaunchScreen.storyboard in Resources */,
				1BAA8393261D2E8A00ECC30F /* Assets.xcassets in Resources */,
				1BAA8391261D2E8900ECC30F /* Main.storyboard in Resources */,
			);
			runOnlyForDeploymentPostprocessing = 0;
		};
		1BAA839A261D2E8A00ECC30F /* Resources */ = {
			isa = PBXResourcesBuildPhase;
			buildActionMask = 2147483647;
			files = (
			);
			runOnlyForDeploymentPostprocessing = 0;
		};
		1BAA83A5261D2E8A00ECC30F /* Resources */ = {
			isa = PBXResourcesBuildPhase;
			buildActionMask = 2147483647;
			files = (
			);
			runOnlyForDeploymentPostprocessing = 0;
		};
/* End PBXResourcesBuildPhase section */

/* Begin PBXSourcesBuildPhase section */
		1BAA8382261D2E8900ECC30F /* Sources */ = {
			isa = PBXSourcesBuildPhase;
			buildActionMask = 2147483647;
			files = (
				1BAA83BD261D2EDA00ECC30F /* MyClass.swift in Sources */,
				1BAA838E261D2E8900ECC30F /* ViewController.swift in Sources */,
				1BAA838A261D2E8900ECC30F /* AppDelegate.swift in Sources */,
				1BAA838C261D2E8900ECC30F /* SceneDelegate.swift in Sources */,
			);
			runOnlyForDeploymentPostprocessing = 0;
		};
		1BAA8398261D2E8A00ECC30F /* Sources */ = {
			isa = PBXSourcesBuildPhase;
			buildActionMask = 2147483647;
			files = (
				1BAA83C2261D2F7C00ECC30F /* MyClassTests.swift in Sources */,
			);
			runOnlyForDeploymentPostprocessing = 0;
		};
		1BAA83A3261D2E8A00ECC30F /* Sources */ = {
			isa = PBXSourcesBuildPhase;
			buildActionMask = 2147483647;
			files = (
				1BAA83AC261D2E8A00ECC30F /* LifeCycleUITests.swift in Sources */,
			);
			runOnlyForDeploymentPostprocessing = 0;
		};
/* End PBXSourcesBuildPhase section */

/* Begin PBXTargetDependency section */
		1BAA839E261D2E8A00ECC30F /* PBXTargetDependency */ = {
			isa = PBXTargetDependency;
			target = 1BAA8385261D2E8900ECC30F /* LifeCycle */;
			targetProxy = 1BAA839D261D2E8A00ECC30F /* PBXContainerItemProxy */;
		};
		1BAA83A9261D2E8A00ECC30F /* PBXTargetDependency */ = {
			isa = PBXTargetDependency;
			target = 1BAA8385261D2E8900ECC30F /* LifeCycle */;
			targetProxy = 1BAA83A8261D2E8A00ECC30F /* PBXContainerItemProxy */;
		};
/* End PBXTargetDependency section */

/* Begin PBXVariantGroup section */
		1BAA838F261D2E8900ECC30F /* Main.storyboard */ = {
			isa = PBXVariantGroup;
			children = (
				1BAA8390261D2E8900ECC30F /* Base */,
			);
			name = Main.storyboard;
			sourceTree = "<group>";
		};
		1BAA8394261D2E8A00ECC30F /* LaunchScreen.storyboard */ = {
			isa = PBXVariantGroup;
			children = (
				1BAA8395261D2E8A00ECC30F /* Base */,
			);
			name = LaunchScreen.storyboard;
			sourceTree = "<group>";
		};
/* End PBXVariantGroup section */

/* Begin XCBuildConfiguration section */
		1BAA83AE261D2E8A00ECC30F /* Debug */ = {
			isa = XCBuildConfiguration;
			buildSettings = {
				ALWAYS_SEARCH_USER_PATHS = NO;
				CLANG_ANALYZER_NONNULL = YES;
				CLANG_ANALYZER_NUMBER_OBJECT_CONVERSION = YES_AGGRESSIVE;
				CLANG_CXX_LANGUAGE_STANDARD = "gnu++14";
				CLANG_CXX_LIBRARY = "libc++";
				CLANG_ENABLE_MODULES = YES;
				CLANG_ENABLE_OBJC_ARC = YES;
				CLANG_ENABLE_OBJC_WEAK = YES;
				CLANG_WARN_BLOCK_CAPTURE_AUTORELEASING = YES;
				CLANG_WARN_BOOL_CONVERSION = YES;
				CLANG_WARN_COMMA = YES;
				CLANG_WARN_CONSTANT_CONVERSION = YES;
				CLANG_WARN_DEPRECATED_OBJC_IMPLEMENTATIONS = YES;
				CLANG_WARN_DIRECT_OBJC_ISA_USAGE = YES_ERROR;
				CLANG_WARN_DOCUMENTATION_COMMENTS = YES;
				CLANG_WARN_EMPTY_BODY = YES;
				CLANG_WARN_ENUM_CONVERSION = YES;
				CLANG_WARN_INFINITE_RECURSION = YES;
				CLANG_WARN_INT_CONVERSION = YES;
				CLANG_WARN_NON_LITERAL_NULL_CONVERSION = YES;
				CLANG_WARN_OBJC_IMPLICIT_RETAIN_SELF = YES;
				CLANG_WARN_OBJC_LITERAL_CONVERSION = YES;
				CLANG_WARN_OBJC_ROOT_CLASS = YES_ERROR;
				CLANG_WARN_QUOTED_INCLUDE_IN_FRAMEWORK_HEADER = YES;
				CLANG_WARN_RANGE_LOOP_ANALYSIS = YES;
				CLANG_WARN_STRICT_PROTOTYPES = YES;
				CLANG_WARN_SUSPICIOUS_MOVE = YES;
				CLANG_WARN_UNGUARDED_AVAILABILITY = YES_AGGRESSIVE;
				CLANG_WARN_UNREACHABLE_CODE = YES;
				CLANG_WARN__DUPLICATE_METHOD_MATCH = YES;
				COPY_PHASE_STRIP = NO;
				DEBUG_INFORMATION_FORMAT = dwarf;
				ENABLE_STRICT_OBJC_MSGSEND = YES;
				ENABLE_TESTABILITY = YES;
				GCC_C_LANGUAGE_STANDARD = gnu11;
				GCC_DYNAMIC_NO_PIC = NO;
				GCC_NO_COMMON_BLOCKS = YES;
				GCC_OPTIMIZATION_LEVEL = 0;
				GCC_PREPROCESSOR_DEFINITIONS = (
					"DEBUG=1",
					"$(inherited)",
				);
				GCC_WARN_64_TO_32_BIT_CONVERSION = YES;
				GCC_WARN_ABOUT_RETURN_TYPE = YES_ERROR;
				GCC_WARN_UNDECLARED_SELECTOR = YES;
				GCC_WARN_UNINITIALIZED_AUTOS = YES_AGGRESSIVE;
				GCC_WARN_UNUSED_FUNCTION = YES;
				GCC_WARN_UNUSED_VARIABLE = YES;
				IPHONEOS_DEPLOYMENT_TARGET = 14.4;
				MTL_ENABLE_DEBUG_INFO = INCLUDE_SOURCE;
				MTL_FAST_MATH = YES;
				ONLY_ACTIVE_ARCH = YES;
				SDKROOT = iphoneos;
				SWIFT_ACTIVE_COMPILATION_CONDITIONS = DEBUG;
				SWIFT_OPTIMIZATION_LEVEL = "-Onone";
			};
			name = Debug;
		};
		1BAA83AF261D2E8A00ECC30F /* Release */ = {
			isa = XCBuildConfiguration;
			buildSettings = {
				ALWAYS_SEARCH_USER_PATHS = NO;
				CLANG_ANALYZER_NONNULL = YES;
				CLANG_ANALYZER_NUMBER_OBJECT_CONVERSION = YES_AGGRESSIVE;
				CLANG_CXX_LANGUAGE_STANDARD = "gnu++14";
				CLANG_CXX_LIBRARY = "libc++";
				CLANG_ENABLE_MODULES = YES;
				CLANG_ENABLE_OBJC_ARC = YES;
				CLANG_ENABLE_OBJC_WEAK = YES;
				CLANG_WARN_BLOCK_CAPTURE_AUTORELEASING = YES;
				CLANG_WARN_BOOL_CONVERSION = YES;
				CLANG_WARN_COMMA = YES;
				CLANG_WARN_CONSTANT_CONVERSION = YES;
				CLANG_WARN_DEPRECATED_OBJC_IMPLEMENTATIONS = YES;
				CLANG_WARN_DIRECT_OBJC_ISA_USAGE = YES_ERROR;
				CLANG_WARN_DOCUMENTATION_COMMENTS = YES;
				CLANG_WARN_EMPTY_BODY = YES;
				CLANG_WARN_ENUM_CONVERSION = YES;
				CLANG_WARN_INFINITE_RECURSION = YES;
				CLANG_WARN_INT_CONVERSION = YES;
				CLANG_WARN_NON_LITERAL_NULL_CONVERSION = YES;
				CLANG_WARN_OBJC_IMPLICIT_RETAIN_SELF = YES;
				CLANG_WARN_OBJC_LITERAL_CONVERSION = YES;
				CLANG_WARN_OBJC_ROOT_CLASS = YES_ERROR;
				CLANG_WARN_QUOTED_INCLUDE_IN_FRAMEWORK_HEADER = YES;
				CLANG_WARN_RANGE_LOOP_ANALYSIS = YES;
				CLANG_WARN_STRICT_PROTOTYPES = YES;
				CLANG_WARN_SUSPICIOUS_MOVE = YES;
				CLANG_WARN_UNGUARDED_AVAILABILITY = YES_AGGRESSIVE;
				CLANG_WARN_UNREACHABLE_CODE = YES;
				CLANG_WARN__DUPLICATE_METHOD_MATCH = YES;
				COPY_PHASE_STRIP = NO;
				DEBUG_INFORMATION_FORMAT = "dwarf-with-dsym";
				ENABLE_NS_ASSERTIONS = NO;
				ENABLE_STRICT_OBJC_MSGSEND = YES;
				GCC_C_LANGUAGE_STANDARD = gnu11;
				GCC_NO_COMMON_BLOCKS = YES;
				GCC_WARN_64_TO_32_BIT_CONVERSION = YES;
				GCC_WARN_ABOUT_RETURN_TYPE = YES_ERROR;
				GCC_WARN_UNDECLARED_SELECTOR = YES;
				GCC_WARN_UNINITIALIZED_AUTOS = YES_AGGRESSIVE;
				GCC_WARN_UNUSED_FUNCTION = YES;
				GCC_WARN_UNUSED_VARIABLE = YES;
				IPHONEOS_DEPLOYMENT_TARGET = 14.4;
				MTL_ENABLE_DEBUG_INFO = NO;
				MTL_FAST_MATH = YES;
				SDKROOT = iphoneos;
				SWIFT_COMPILATION_MODE = wholemodule;
				SWIFT_OPTIMIZATION_LEVEL = "-O";
				VALIDATE_PRODUCT = YES;
			};
			name = Release;
		};
		1BAA83B1261D2E8A00ECC30F /* Debug */ = {
			isa = XCBuildConfiguration;
			buildSettings = {
				ASSETCATALOG_COMPILER_APPICON_NAME = AppIcon;
				ASSETCATALOG_COMPILER_GLOBAL_ACCENT_COLOR_NAME = AccentColor;
				CODE_SIGN_STYLE = Automatic;
				INFOPLIST_FILE = LifeCycle/Info.plist;
				LD_RUNPATH_SEARCH_PATHS = (
					"$(inherited)",
					"@executable_path/Frameworks",
				);
				PRODUCT_BUNDLE_IDENTIFIER = com.rafa.LifeCycle;
				PRODUCT_NAME = "$(TARGET_NAME)";
				SWIFT_VERSION = 5.0;
				TARGETED_DEVICE_FAMILY = "1,2";
			};
			name = Debug;
		};
		1BAA83B2261D2E8A00ECC30F /* Release */ = {
			isa = XCBuildConfiguration;
			buildSettings = {
				ASSETCATALOG_COMPILER_APPICON_NAME = AppIcon;
				ASSETCATALOG_COMPILER_GLOBAL_ACCENT_COLOR_NAME = AccentColor;
				CODE_SIGN_STYLE = Automatic;
				INFOPLIST_FILE = LifeCycle/Info.plist;
				LD_RUNPATH_SEARCH_PATHS = (
					"$(inherited)",
					"@executable_path/Frameworks",
				);
				PRODUCT_BUNDLE_IDENTIFIER = com.rafa.LifeCycle;
				PRODUCT_NAME = "$(TARGET_NAME)";
				SWIFT_VERSION = 5.0;
				TARGETED_DEVICE_FAMILY = "1,2";
			};
			name = Release;
		};
		1BAA83B4261D2E8A00ECC30F /* Debug */ = {
			isa = XCBuildConfiguration;
			buildSettings = {
				ALWAYS_EMBED_SWIFT_STANDARD_LIBRARIES = YES;
				BUNDLE_LOADER = "$(TEST_HOST)";
				CODE_SIGN_STYLE = Automatic;
				INFOPLIST_FILE = LifeCycleTests/Info.plist;
				IPHONEOS_DEPLOYMENT_TARGET = 14.4;
				LD_RUNPATH_SEARCH_PATHS = (
					"$(inherited)",
					"@executable_path/Frameworks",
					"@loader_path/Frameworks",
				);
				PRODUCT_BUNDLE_IDENTIFIER = com.rafa.LifeCycleTests;
				PRODUCT_NAME = "$(TARGET_NAME)";
				SWIFT_VERSION = 5.0;
				TARGETED_DEVICE_FAMILY = "1,2";
				TEST_HOST = "$(BUILT_PRODUCTS_DIR)/LifeCycle.app/LifeCycle";
			};
			name = Debug;
		};
		1BAA83B5261D2E8A00ECC30F /* Release */ = {
			isa = XCBuildConfiguration;
			buildSettings = {
				ALWAYS_EMBED_SWIFT_STANDARD_LIBRARIES = YES;
				BUNDLE_LOADER = "$(TEST_HOST)";
				CODE_SIGN_STYLE = Automatic;
				INFOPLIST_FILE = LifeCycleTests/Info.plist;
				IPHONEOS_DEPLOYMENT_TARGET = 14.4;
				LD_RUNPATH_SEARCH_PATHS = (
					"$(inherited)",
					"@executable_path/Frameworks",
					"@loader_path/Frameworks",
				);
				PRODUCT_BUNDLE_IDENTIFIER = com.rafa.LifeCycleTests;
				PRODUCT_NAME = "$(TARGET_NAME)";
				SWIFT_VERSION = 5.0;
				TARGETED_DEVICE_FAMILY = "1,2";
				TEST_HOST = "$(BUILT_PRODUCTS_DIR)/LifeCycle.app/LifeCycle";
			};
			name = Release;
		};
		1BAA83B7261D2E8A00ECC30F /* Debug */ = {
			isa = XCBuildConfiguration;
			buildSettings = {
				ALWAYS_EMBED_SWIFT_STANDARD_LIBRARIES = YES;
				CODE_SIGN_STYLE = Automatic;
				INFOPLIST_FILE = LifeCycleUITests/Info.plist;
				LD_RUNPATH_SEARCH_PATHS = (
					"$(inherited)",
					"@executable_path/Frameworks",
					"@loader_path/Frameworks",
				);
				PRODUCT_BUNDLE_IDENTIFIER = com.rafa.LifeCycleUITests;
				PRODUCT_NAME = "$(TARGET_NAME)";
				SWIFT_VERSION = 5.0;
				TARGETED_DEVICE_FAMILY = "1,2";
				TEST_TARGET_NAME = LifeCycle;
			};
			name = Debug;
		};
		1BAA83B8261D2E8A00ECC30F /* Release */ = {
			isa = XCBuildConfiguration;
			buildSettings = {
				ALWAYS_EMBED_SWIFT_STANDARD_LIBRARIES = YES;
				CODE_SIGN_STYLE = Automatic;
				INFOPLIST_FILE = LifeCycleUITests/Info.plist;
				LD_RUNPATH_SEARCH_PATHS = (
					"$(inherited)",
					"@executable_path/Frameworks",
					"@loader_path/Frameworks",
				);
				PRODUCT_BUNDLE_IDENTIFIER = com.rafa.LifeCycleUITests;
				PRODUCT_NAME = "$(TARGET_NAME)";
				SWIFT_VERSION = 5.0;
				TARGETED_DEVICE_FAMILY = "1,2";
				TEST_TARGET_NAME = LifeCycle;
			};
			name = Release;
		};
/* End XCBuildConfiguration section */

/* Begin XCConfigurationList section */
		1BAA8381261D2E8900ECC30F /* Build configuration list for PBXProject "LifeCycle" */ = {
			isa = XCConfigurationList;
			buildConfigurations = (
				1BAA83AE261D2E8A00ECC30F /* Debug */,
				1BAA83AF261D2E8A00ECC30F /* Release */,
			);
			defaultConfigurationIsVisible = 0;
			defaultConfigurationName = Release;
		};
		1BAA83B0261D2E8A00ECC30F /* Build configuration list for PBXNativeTarget "LifeCycle" */ = {
			isa = XCConfigurationList;
			buildConfigurations = (
				1BAA83B1261D2E8A00ECC30F /* Debug */,
				1BAA83B2261D2E8A00ECC30F /* Release */,
			);
			defaultConfigurationIsVisible = 0;
			defaultConfigurationName = Release;
		};
		1BAA83B3261D2E8A00ECC30F /* Build configuration list for PBXNativeTarget "LifeCycleTests" */ = {
			isa = XCConfigurationList;
			buildConfigurations = (
				1BAA83B4261D2E8A00ECC30F /* Debug */,
				1BAA83B5261D2E8A00ECC30F /* Release */,
			);
			defaultConfigurationIsVisible = 0;
			defaultConfigurationName = Release;
		};
		1BAA83B6261D2E8A00ECC30F /* Build configuration list for PBXNativeTarget "LifeCycleUITests" */ = {
			isa = XCConfigurationList;
			buildConfigurations = (
				1BAA83B7261D2E8A00ECC30F /* Debug */,
				1BAA83B8261D2E8A00ECC30F /* Release */,
			);
			defaultConfigurationIsVisible = 0;
			defaultConfigurationName = Release;
		};
/* End XCConfigurationList section */
	};
	rootObject = 1BAA837E261D2E8900ECC30F /* Project object */;
}
